
Microsoft Visual Studio Solution File, Format Version 12.00
# Visual Studio Version 17
VisualStudioVersion = 17.1.32228.430
MinimumVisualStudioVersion = 10.0.40219.1
Project("{9A19103F-16F7-4668-BE54-9A1E7A4F7556}") = "EmployeeManagment", "EmployeeManagment\EmployeeManagment.csproj", "{8192BFA4-38E5-4A1C-B717-766B9D40DC3F}"
EndProject
Global
	GlobalSection(SolutionConfigurationPlatforms) = preSolution
		Debug|Any CPU = Debug|Any CPU
		Release|Any CPU = Release|Any CPU
	EndGlobalSection
	GlobalSection(ProjectConfigurationPlatforms) = postSolution
		{8192BFA4-38E5-4A1C-B717-766B9D40DC3F}.Debug|Any CPU.ActiveCfg = Debug|Any CPU
		{8192BFA4-38E5-4A1C-B717-766B9D40DC3F}.Debug|Any CPU.Build.0 = Debug|Any CPU
		{8192BFA4-38E5-4A1C-B717-766B9D40DC3F}.Release|Any CPU.ActiveCfg = Release|Any CPU
		{8192BFA4-38E5-4A1C-B717-766B9D40DC3F}.Release|Any CPU.Build.0 = Release|Any CPU
	EndGlobalSection
	GlobalSection(SolutionProperties) = preSolution
		HideSolutionNode = FALSE
	EndGlobalSection
	GlobalSection(ExtensibilityGlobals) = postSolution
		SolutionGuid = {EC19912E-5833-48DA-B7B3-EDBD3D681A56}
	EndGlobalSection
EndGlobal
